// !$*UTF8*$!
{
	archiveVersion = 1;
	classes = {
	};
	objectVersion = 50;
	objects = {

/* Begin PBXBuildFile section */
		1858D2DC23901EC500A6D939 /* AppDelegate.swift in Sources */ = {isa = PBXBuildFile; fileRef = 1858D2DB23901EC500A6D939 /* AppDelegate.swift */; };
		1858D2DE23901EC500A6D939 /* SceneDelegate.swift in Sources */ = {isa = PBXBuildFile; fileRef = 1858D2DD23901EC500A6D939 /* SceneDelegate.swift */; };
		1858D2E023901EC500A6D939 /* ContentView.swift in Sources */ = {isa = PBXBuildFile; fileRef = 1858D2DF23901EC500A6D939 /* ContentView.swift */; };
		1858D2E223901EC900A6D939 /* Assets.xcassets in Resources */ = {isa = PBXBuildFile; fileRef = 1858D2E123901EC900A6D939 /* Assets.xcassets */; };
		1858D2E523901EC900A6D939 /* Preview Assets.xcassets in Resources */ = {isa = PBXBuildFile; fileRef = 1858D2E423901EC900A6D939 /* Preview Assets.xcassets */; };
		1858D2E823901EC900A6D939 /* LaunchScreen.storyboard in Resources */ = {isa = PBXBuildFile; fileRef = 1858D2E623901EC900A6D939 /* LaunchScreen.storyboard */; };
		1858D2F02390236600A6D939 /* ReadMoreFlavour in Resources */ = {isa = PBXBuildFile; fileRef = 1858D2EF2390236600A6D939 /* ReadMoreFlavour */; };
		7CE2B8953BC6A44A1EC1D659 /* Pods_FlavourApp.framework in Frameworks */ = {isa = PBXBuildFile; fileRef = 79FF2821CAF7EBB4ADEAF60C /* Pods_FlavourApp.framework */; };
/* End PBXBuildFile section */

/* Begin PBXFileReference section */
		1858D2D823901EC500A6D939 /* FlavourApp.app */ = {isa = PBXFileReference; explicitFileType = wrapper.application; includeInIndex = 0; path = FlavourApp.app; sourceTree = BUILT_PRODUCTS_DIR; };
		1858D2DB23901EC500A6D939 /* AppDelegate.swift */ = {isa = PBXFileReference; lastKnownFileType = sourcecode.swift; path = AppDelegate.swift; sourceTree = "<group>"; };
		1858D2DD23901EC500A6D939 /* SceneDelegate.swift */ = {isa = PBXFileReference; lastKnownFileType = sourcecode.swift; path = SceneDelegate.swift; sourceTree = "<group>"; };
		1858D2DF23901EC500A6D939 /* ContentView.swift */ = {isa = PBXFileReference; lastKnownFileType = sourcecode.swift; path = ContentView.swift; sourceTree = "<group>"; };
		1858D2E123901EC900A6D939 /* Assets.xcassets */ = {isa = PBXFileReference; lastKnownFileType = folder.assetcatalog; path = Assets.xcassets; sourceTree = "<group>"; };
		1858D2E423901EC900A6D939 /* Preview Assets.xcassets */ = {isa = PBXFileReference; lastKnownFileType = folder.assetcatalog; path = "Preview Assets.xcassets"; sourceTree = "<group>"; };
		1858D2E723901EC900A6D939 /* Base */ = {isa = PBXFileReference; lastKnownFileType = file.storyboard; name = Base; path = Base.lproj/LaunchScreen.storyboard; sourceTree = "<group>"; };
		1858D2E923901EC900A6D939 /* Info.plist */ = {isa = PBXFileReference; lastKnownFileType = text.plist.xml; path = Info.plist; sourceTree = "<group>"; };
		1858D2EF2390236600A6D939 /* ReadMoreFlavour */ = {isa = PBXFileReference; lastKnownFileType = text; path = ReadMoreFlavour; sourceTree = "<group>"; };
		1858D2F22390296400A6D939 /* DevMode.xcconfig */ = {isa = PBXFileReference; lastKnownFileType = text.xcconfig; path = DevMode.xcconfig; sourceTree = "<group>"; };
		1858D2F3239029D200A6D939 /* ProdMode.xcconfig */ = {isa = PBXFileReference; lastKnownFileType = text.xcconfig; path = ProdMode.xcconfig; sourceTree = "<group>"; };
		79FF2821CAF7EBB4ADEAF60C /* Pods_FlavourApp.framework */ = {isa = PBXFileReference; explicitFileType = wrapper.framework; includeInIndex = 0; path = Pods_FlavourApp.framework; sourceTree = BUILT_PRODUCTS_DIR; };
		913B9B98DA2F8DC433EB3A52 /* Pods-FlavourApp.release.xcconfig */ = {isa = PBXFileReference; includeInIndex = 1; lastKnownFileType = text.xcconfig; name = "Pods-FlavourApp.release.xcconfig"; path = "Target Support Files/Pods-FlavourApp/Pods-FlavourApp.release.xcconfig"; sourceTree = "<group>"; };
		F3E4C5CE847C80CB93197C58 /* Pods-FlavourApp.debug.xcconfig */ = {isa = PBXFileReference; includeInIndex = 1; lastKnownFileType = text.xcconfig; name = "Pods-FlavourApp.debug.xcconfig"; path = "Target Support Files/Pods-FlavourApp/Pods-FlavourApp.debug.xcconfig"; sourceTree = "<group>"; };
/* End PBXFileReference section */

/* Begin PBXFrameworksBuildPhase section */
		1858D2D523901EC500A6D939 /* Frameworks */ = {
			isa = PBXFrameworksBuildPhase;
			buildActionMask = 2147483647;
			files = (
				7CE2B8953BC6A44A1EC1D659 /* Pods_FlavourApp.framework in Frameworks */,
			);
			runOnlyForDeploymentPostprocessing = 0;
		};
/* End PBXFrameworksBuildPhase section */

/* Begin PBXGroup section */
		1858D2CF23901EC500A6D939 = {
			isa = PBXGroup;
			children = (
				1858D2EF2390236600A6D939 /* ReadMoreFlavour */,
				1858D2DA23901EC500A6D939 /* FlavourApp */,
				1858D2D923901EC500A6D939 /* Products */,
				5B1D1E90A6EB27D7E8F8B349 /* Pods */,
				73A96844385723FD07AA5E3E /* Frameworks */,
			);
			sourceTree = "<group>";
		};
		1858D2D923901EC500A6D939 /* Products */ = {
			isa = PBXGroup;
			children = (
				1858D2D823901EC500A6D939 /* FlavourApp.app */,
			);
			name = Products;
			sourceTree = "<group>";
		};
		1858D2DA23901EC500A6D939 /* FlavourApp */ = {
			isa = PBXGroup;
			children = (
				1858D2DB23901EC500A6D939 /* AppDelegate.swift */,
				1858D2F1239023E100A6D939 /* Configure */,
				1858D2DD23901EC500A6D939 /* SceneDelegate.swift */,
				1858D2DF23901EC500A6D939 /* ContentView.swift */,
				1858D2E123901EC900A6D939 /* Assets.xcassets */,
				1858D2E623901EC900A6D939 /* LaunchScreen.storyboard */,
				1858D2E923901EC900A6D939 /* Info.plist */,
				1858D2E323901EC900A6D939 /* Preview Content */,
			);
			path = FlavourApp;
			sourceTree = "<group>";
		};
		1858D2E323901EC900A6D939 /* Preview Content */ = {
			isa = PBXGroup;
			children = (
				1858D2E423901EC900A6D939 /* Preview Assets.xcassets */,
			);
			path = "Preview Content";
			sourceTree = "<group>";
		};
		1858D2F1239023E100A6D939 /* Configure */ = {
			isa = PBXGroup;
			children = (
				1858D2F22390296400A6D939 /* DevMode.xcconfig */,
				1858D2F3239029D200A6D939 /* ProdMode.xcconfig */,
			);
			path = Configure;
			sourceTree = "<group>";
		};
		5B1D1E90A6EB27D7E8F8B349 /* Pods */ = {
			isa = PBXGroup;
			children = (
				F3E4C5CE847C80CB93197C58 /* Pods-FlavourApp.debug.xcconfig */,
				913B9B98DA2F8DC433EB3A52 /* Pods-FlavourApp.release.xcconfig */,
			);
			name = Pods;
			path = Pods;
			sourceTree = "<group>";
		};
		73A96844385723FD07AA5E3E /* Frameworks */ = {
			isa = PBXGroup;
			children = (
				79FF2821CAF7EBB4ADEAF60C /* Pods_FlavourApp.framework */,
			);
			name = Frameworks;
			sourceTree = "<group>";
		};
/* End PBXGroup section */

/* Begin PBXNativeTarget section */
		1858D2D723901EC500A6D939 /* FlavourApp */ = {
			isa = PBXNativeTarget;
			buildConfigurationList = 1858D2EC23901EC900A6D939 /* Build configuration list for PBXNativeTarget "FlavourApp" */;
			buildPhases = (
				F5D3826CA7F8FFF6CC258D0C /* [CP] Check Pods Manifest.lock */,
				1858D2D423901EC500A6D939 /* Sources */,
				1858D2D523901EC500A6D939 /* Frameworks */,
				1858D2D623901EC500A6D939 /* Resources */,
			);
			buildRules = (
			);
			dependencies = (
			);
			name = FlavourApp;
			productName = FlavourApp;
			productReference = 1858D2D823901EC500A6D939 /* FlavourApp.app */;
			productType = "com.apple.product-type.application";
		};
/* End PBXNativeTarget section */

/* Begin PBXProject section */
		1858D2D023901EC500A6D939 /* Project object */ = {
			isa = PBXProject;
			attributes = {
				LastSwiftUpdateCheck = 1110;
				LastUpgradeCheck = 1110;
				ORGANIZATIONNAME = Apple;
				TargetAttributes = {
					1858D2D723901EC500A6D939 = {
						CreatedOnToolsVersion = 11.1;
					};
				};
			};
			buildConfigurationList = 1858D2D323901EC500A6D939 /* Build configuration list for PBXProject "FlavourApp" */;
			compatibilityVersion = "Xcode 9.3";
			developmentRegion = en;
			hasScannedForEncodings = 0;
			knownRegions = (
				en,
				Base,
			);
			mainGroup = 1858D2CF23901EC500A6D939;
			productRefGroup = 1858D2D923901EC500A6D939 /* Products */;
			projectDirPath = "";
			projectRoot = "";
			targets = (
				1858D2D723901EC500A6D939 /* FlavourApp */,
			);
		};
/* End PBXProject section */

/* Begin PBXResourcesBuildPhase section */
		1858D2D623901EC500A6D939 /* Resources */ = {
			isa = PBXResourcesBuildPhase;
			buildActionMask = 2147483647;
			files = (
				1858D2E823901EC900A6D939 /* LaunchScreen.storyboard in Resources */,
				1858D2F02390236600A6D939 /* ReadMoreFlavour in Resources */,
				1858D2E523901EC900A6D939 /* Preview Assets.xcassets in Resources */,
				1858D2E223901EC900A6D939 /* Assets.xcassets in Resources */,
			);
			runOnlyForDeploymentPostprocessing = 0;
		};
/* End PBXResourcesBuildPhase section */

/* Begin PBXShellScriptBuildPhase section */
		F5D3826CA7F8FFF6CC258D0C /* [CP] Check Pods Manifest.lock */ = {
			isa = PBXShellScriptBuildPhase;
			buildActionMask = 2147483647;
			files = (
			);
			inputFileListPaths = (
			);
			inputPaths = (
				"${PODS_PODFILE_DIR_PATH}/Podfile.lock",
				"${PODS_ROOT}/Manifest.lock",
			);
			name = "[CP] Check Pods Manifest.lock";
			outputFileListPaths = (
			);
			outputPaths = (
				"$(DERIVED_FILE_DIR)/Pods-FlavourApp-checkManifestLockResult.txt",
			);
			runOnlyForDeploymentPostprocessing = 0;
			shellPath = /bin/sh;
			shellScript = "diff \"${PODS_PODFILE_DIR_PATH}/Podfile.lock\" \"${PODS_ROOT}/Manifest.lock\" > /dev/null\nif [ $? != 0 ] ; then\n    # print error to STDERR\n    echo \"error: The sandbox is not in sync with the Podfile.lock. Run 'pod install' or update your CocoaPods installation.\" >&2\n    exit 1\nfi\n# This output is used by Xcode 'outputs' to avoid re-running this script phase.\necho \"SUCCESS\" > \"${SCRIPT_OUTPUT_FILE_0}\"\n";
			showEnvVarsInLog = 0;
		};
/* End PBXShellScriptBuildPhase section */

/* Begin PBXSourcesBuildPhase section */
		1858D2D423901EC500A6D939 /* Sources */ = {
			isa = PBXSourcesBuildPhase;
			buildActionMask = 2147483647;
			files = (
				1858D2DC23901EC500A6D939 /* AppDelegate.swift in Sources */,
				1858D2DE23901EC500A6D939 /* SceneDelegate.swift in Sources */,
				1858D2E023901EC500A6D939 /* ContentView.swift in Sources */,
			);
			runOnlyForDeploymentPostprocessing = 0;
		};
/* End PBXSourcesBuildPhase section */

/* Begin PBXVariantGroup section */
		1858D2E623901EC900A6D939 /* LaunchScreen.storyboard */ = {
			isa = PBXVariantGroup;
			children = (
				1858D2E723901EC900A6D939 /* Base */,
			);
			name = LaunchScreen.storyboard;
			sourceTree = "<group>";
		};
/* End PBXVariantGroup section */

/* Begin XCBuildConfiguration section */
		1858D2EA23901EC900A6D939 /* Debug */ = {
			isa = XCBuildConfiguration;
			baseConfigurationReference = 1858D2F22390296400A6D939 /* DevMode.xcconfig */;
			buildSettings = {
				ALWAYS_SEARCH_USER_PATHS = NO;
				CLANG_ANALYZER_NONNULL = YES;
				CLANG_ANALYZER_NUMBER_OBJECT_CONVERSION = YES_AGGRESSIVE;
				CLANG_CXX_LANGUAGE_STANDARD = "gnu++14";
				CLANG_CXX_LIBRARY = "libc++";
				CLANG_ENABLE_MODULES = YES;
				CLANG_ENABLE_OBJC_ARC = YES;
				CLANG_ENABLE_OBJC_WEAK = YES;
				CLANG_WARN_BLOCK_CAPTURE_AUTORELEASING = YES;
				CLANG_WARN_BOOL_CONVERSION = YES;
				CLANG_WARN_COMMA = YES;
				CLANG_WARN_CONSTANT_CONVERSION = YES;
				CLANG_WARN_DEPRECATED_OBJC_IMPLEMENTATIONS = YES;
				CLANG_WARN_DIRECT_OBJC_ISA_USAGE = YES_ERROR;
				CLANG_WARN_DOCUMENTATION_COMMENTS = YES;
				CLANG_WARN_EMPTY_BODY = YES;
				CLANG_WARN_ENUM_CONVERSION = YES;
				CLANG_WARN_INFINITE_RECURSION = YES;
				CLANG_WARN_INT_CONVERSION = YES;
				CLANG_WARN_NON_LITERAL_NULL_CONVERSION = YES;
				CLANG_WARN_OBJC_IMPLICIT_RETAIN_SELF = YES;
				CLANG_WARN_OBJC_LITERAL_CONVERSION = YES;
				CLANG_WARN_OBJC_ROOT_CLASS = YES_ERROR;
				CLANG_WARN_RANGE_LOOP_ANALYSIS = YES;
				CLANG_WARN_STRICT_PROTOTYPES = YES;
				CLANG_WARN_SUSPICIOUS_MOVE = YES;
				CLANG_WARN_UNGUARDED_AVAILABILITY = YES_AGGRESSIVE;
				CLANG_WARN_UNREACHABLE_CODE = YES;
				CLANG_WARN__DUPLICATE_METHOD_MATCH = YES;
				COPY_PHASE_STRIP = NO;
				DEBUG_INFORMATION_FORMAT = dwarf;
				ENABLE_STRICT_OBJC_MSGSEND = YES;
				ENABLE_TESTABILITY = YES;
				GCC_C_LANGUAGE_STANDARD = gnu11;
				GCC_DYNAMIC_NO_PIC = NO;
				GCC_NO_COMMON_BLOCKS = YES;
				GCC_OPTIMIZATION_LEVEL = 0;
				GCC_PREPROCESSOR_DEFINITIONS = (
					"DEBUG=1",
					"$(inherited)",
				);
				GCC_WARN_64_TO_32_BIT_CONVERSION = YES;
				GCC_WARN_ABOUT_RETURN_TYPE = YES_ERROR;
				GCC_WARN_UNDECLARED_SELECTOR = YES;
				GCC_WARN_UNINITIALIZED_AUTOS = YES_AGGRESSIVE;
				GCC_WARN_UNUSED_FUNCTION = YES;
				GCC_WARN_UNUSED_VARIABLE = YES;
				IPHONEOS_DEPLOYMENT_TARGET = 13.1;
				MTL_ENABLE_DEBUG_INFO = INCLUDE_SOURCE;
				MTL_FAST_MATH = YES;
				ONLY_ACTIVE_ARCH = YES;
				SDKROOT = iphoneos;
				SWIFT_ACTIVE_COMPILATION_CONDITIONS = DEBUG;
				SWIFT_OPTIMIZATION_LEVEL = "-Onone";
			};
			name = Debug;
		};
		1858D2EB23901EC900A6D939 /* Release */ = {
			isa = XCBuildConfiguration;
			baseConfigurationReference = 1858D2F3239029D200A6D939 /* ProdMode.xcconfig */;
			buildSettings = {
				ALWAYS_SEARCH_USER_PATHS = NO;
				CLANG_ANALYZER_NONNULL = YES;
				CLANG_ANALYZER_NUMBER_OBJECT_CONVERSION = YES_AGGRESSIVE;
				CLANG_CXX_LANGUAGE_STANDARD = "gnu++14";
				CLANG_CXX_LIBRARY = "libc++";
				CLANG_ENABLE_MODULES = YES;
				CLANG_ENABLE_OBJC_ARC = YES;
				CLANG_ENABLE_OBJC_WEAK = YES;
				CLANG_WARN_BLOCK_CAPTURE_AUTORELEASING = YES;
				CLANG_WARN_BOOL_CONVERSION = YES;
				CLANG_WARN_COMMA = YES;
				CLANG_WARN_CONSTANT_CONVERSION = YES;
				CLANG_WARN_DEPRECATED_OBJC_IMPLEMENTATIONS = YES;
				CLANG_WARN_DIRECT_OBJC_ISA_USAGE = YES_ERROR;
				CLANG_WARN_DOCUMENTATION_COMMENTS = YES;
				CLANG_WARN_EMPTY_BODY = YES;
				CLANG_WARN_ENUM_CONVERSION = YES;
				CLANG_WARN_INFINITE_RECURSION = YES;
				CLANG_WARN_INT_CONVERSION = YES;
				CLANG_WARN_NON_LITERAL_NULL_CONVERSION = YES;
				CLANG_WARN_OBJC_IMPLICIT_RETAIN_SELF = YES;
				CLANG_WARN_OBJC_LITERAL_CONVERSION = YES;
				CLANG_WARN_OBJC_ROOT_CLASS = YES_ERROR;
				CLANG_WARN_RANGE_LOOP_ANALYSIS = YES;
				CLANG_WARN_STRICT_PROTOTYPES = YES;
				CLANG_WARN_SUSPICIOUS_MOVE = YES;
				CLANG_WARN_UNGUARDED_AVAILABILITY = YES_AGGRESSIVE;
				CLANG_WARN_UNREACHABLE_CODE = YES;
				CLANG_WARN__DUPLICATE_METHOD_MATCH = YES;
				COPY_PHASE_STRIP = NO;
				DEBUG_INFORMATION_FORMAT = "dwarf-with-dsym";
				ENABLE_NS_ASSERTIONS = NO;
				ENABLE_STRICT_OBJC_MSGSEND = YES;
				GCC_C_LANGUAGE_STANDARD = gnu11;
				GCC_NO_COMMON_BLOCKS = YES;
				GCC_WARN_64_TO_32_BIT_CONVERSION = YES;
				GCC_WARN_ABOUT_RETURN_TYPE = YES_ERROR;
				GCC_WARN_UNDECLARED_SELECTOR = YES;
				GCC_WARN_UNINITIALIZED_AUTOS = YES_AGGRESSIVE;
				GCC_WARN_UNUSED_FUNCTION = YES;
				GCC_WARN_UNUSED_VARIABLE = YES;
				IPHONEOS_DEPLOYMENT_TARGET = 13.1;
				MTL_ENABLE_DEBUG_INFO = NO;
				MTL_FAST_MATH = YES;
				SDKROOT = iphoneos;
				SWIFT_COMPILATION_MODE = wholemodule;
				SWIFT_OPTIMIZATION_LEVEL = "-O";
				VALIDATE_PRODUCT = YES;
			};
			name = Release;
		};
		1858D2ED23901EC900A6D939 /* Debug */ = {
			isa = XCBuildConfiguration;
			baseConfigurationReference = 1858D2F22390296400A6D939 /* DevMode.xcconfig */;
			buildSettings = {
				ASSETCATALOG_COMPILER_APPICON_NAME = AppIcon;
				CODE_SIGN_STYLE = Automatic;
				DEVELOPMENT_ASSET_PATHS = "\"FlavourApp/Preview Content\"";
				ENABLE_PREVIEWS = YES;
				INFOPLIST_FILE = FlavourApp/Info.plist;
				LD_RUNPATH_SEARCH_PATHS = (
					"$(inherited)",
					"@executable_path/Frameworks",
				);
				PRODUCT_BUNDLE_IDENTIFIER = com.rk.FlavourApp;
				PRODUCT_NAME = "$(TARGET_NAME)";
				SWIFT_VERSION = 5.0;
				TARGETED_DEVICE_FAMILY = "1,2";
			};
			name = Debug;
		};
		1858D2EE23901EC900A6D939 /* Release */ = {
			isa = XCBuildConfiguration;
			baseConfigurationReference = 1858D2F3239029D200A6D939 /* ProdMode.xcconfig */;
			buildSettings = {
				ASSETCATALOG_COMPILER_APPICON_NAME = AppIcon;
				CODE_SIGN_STYLE = Automatic;
				DEVELOPMENT_ASSET_PATHS = "\"FlavourApp/Preview Content\"";
				ENABLE_PREVIEWS = YES;
				INFOPLIST_FILE = FlavourApp/Info.plist;
				LD_RUNPATH_SEARCH_PATHS = (
					"$(inherited)",
					"@executable_path/Frameworks",
				);
				PRODUCT_BUNDLE_IDENTIFIER = com.rk.FlavourApp;
				PRODUCT_NAME = "$(TARGET_NAME)";
				SWIFT_VERSION = 5.0;
				TARGETED_DEVICE_FAMILY = "1,2";
			};
			name = Release;
		};
/* End XCBuildConfiguration section */

/* Begin XCConfigurationList section */
		1858D2D323901EC500A6D939 /* Build configuration list for PBXProject "FlavourApp" */ = {
			isa = XCConfigurationList;
			buildConfigurations = (
				1858D2EA23901EC900A6D939 /* Debug */,
				1858D2EB23901EC900A6D939 /* Release */,
			);
			defaultConfigurationIsVisible = 0;
			defaultConfigurationName = Release;
		};
		1858D2EC23901EC900A6D939 /* Build configuration list for PBXNativeTarget "FlavourApp" */ = {
			isa = XCConfigurationList;
			buildConfigurations = (
				1858D2ED23901EC900A6D939 /* Debug */,
				1858D2EE23901EC900A6D939 /* Release */,
			);
			defaultConfigurationIsVisible = 0;
			defaultConfigurationName = Release;
		};
/* End XCConfigurationList section */
	};
	rootObject = 1858D2D023901EC500A6D939 /* Project object */;
}
